
Microsoft Visual Studio Solution File, Format Version 12.00
# Visual Studio 15
VisualStudioVersion = 15.0.26124.0
MinimumVisualStudioVersion = 15.0.26124.0
Project("{FAE04EC0-301F-11D3-BF4B-00C04F79EFBC}") = "CryptographyLib", "CryptographyLib\CryptographyLib.csproj", "{BC6E2FB9-9F62-49E3-910D-EC102BCE2F87}"
EndProject
Project("{FAE04EC0-301F-11D3-BF4B-00C04F79EFBC}") = "EncryptionApp", "EncryptionApp\EncryptionApp.csproj", "{02066684-D243-409C-8B8B-1E48CA440BB7}"
EndProject
Project("{FAE04EC0-301F-11D3-BF4B-00C04F79EFBC}") = "HashingApp", "HashingApp\HashingApp.csproj", "{64E64E76-FCD5-4601-A6AF-6F7113D8D180}"
EndProject
Project("{FAE04EC0-301F-11D3-BF4B-00C04F79EFBC}") = "SigningApp", "SigningApp\SigningApp.csproj", "{F03C07B7-F89B-4E34-99E9-F9F2F7FFA021}"
EndProject
Project("{FAE04EC0-301F-11D3-BF4B-00C04F79EFBC}") = "Domain", "Domain\Domain.csproj", "{89C1AA8D-701F-4A6A-9D68-0B59813E75E6}"
EndProject
Project("{FAE04EC0-301F-11D3-BF4B-00C04F79EFBC}") = "SecureApp", "SecureApp\SecureApp.csproj", "{0B6E57C4-A4F8-43A7-B0B4-1826ECFC5CE0}"
EndProject
Global
	GlobalSection(SolutionConfigurationPlatforms) = preSolution
		Debug|Any CPU = Debug|Any CPU
		Debug|x64 = Debug|x64
		Debug|x86 = Debug|x86
		Release|Any CPU = Release|Any CPU
		Release|x64 = Release|x64
		Release|x86 = Release|x86
	EndGlobalSection
	GlobalSection(SolutionProperties) = preSolution
		HideSolutionNode = FALSE
	EndGlobalSection
	GlobalSection(ProjectConfigurationPlatforms) = postSolution
		{BC6E2FB9-9F62-49E3-910D-EC102BCE2F87}.Debug|Any CPU.ActiveCfg = Debug|Any CPU
		{BC6E2FB9-9F62-49E3-910D-EC102BCE2F87}.Debug|Any CPU.Build.0 = Debug|Any CPU
		{BC6E2FB9-9F62-49E3-910D-EC102BCE2F87}.Debug|x64.ActiveCfg = Debug|Any CPU
		{BC6E2FB9-9F62-49E3-910D-EC102BCE2F87}.Debug|x64.Build.0 = Debug|Any CPU
		{BC6E2FB9-9F62-49E3-910D-EC102BCE2F87}.Debug|x86.ActiveCfg = Debug|Any CPU
		{BC6E2FB9-9F62-49E3-910D-EC102BCE2F87}.Debug|x86.Build.0 = Debug|Any CPU
		{BC6E2FB9-9F62-49E3-910D-EC102BCE2F87}.Release|Any CPU.ActiveCfg = Release|Any CPU
		{BC6E2FB9-9F62-49E3-910D-EC102BCE2F87}.Release|Any CPU.Build.0 = Release|Any CPU
		{BC6E2FB9-9F62-49E3-910D-EC102BCE2F87}.Release|x64.ActiveCfg = Release|Any CPU
		{BC6E2FB9-9F62-49E3-910D-EC102BCE2F87}.Release|x64.Build.0 = Release|Any CPU
		{BC6E2FB9-9F62-49E3-910D-EC102BCE2F87}.Release|x86.ActiveCfg = Release|Any CPU
		{BC6E2FB9-9F62-49E3-910D-EC102BCE2F87}.Release|x86.Build.0 = Release|Any CPU
		{02066684-D243-409C-8B8B-1E48CA440BB7}.Debug|Any CPU.ActiveCfg = Debug|Any CPU
		{02066684-D243-409C-8B8B-1E48CA440BB7}.Debug|Any CPU.Build.0 = Debug|Any CPU
		{02066684-D243-409C-8B8B-1E48CA440BB7}.Debug|x64.ActiveCfg = Debug|Any CPU
		{02066684-D243-409C-8B8B-1E48CA440BB7}.Debug|x64.Build.0 = Debug|Any CPU
		{02066684-D243-409C-8B8B-1E48CA440BB7}.Debug|x86.ActiveCfg = Debug|Any CPU
		{02066684-D243-409C-8B8B-1E48CA440BB7}.Debug|x86.Build.0 = Debug|Any CPU
		{02066684-D243-409C-8B8B-1E48CA440BB7}.Release|Any CPU.ActiveCfg = Release|Any CPU
		{02066684-D243-409C-8B8B-1E48CA440BB7}.Release|Any CPU.Build.0 = Release|Any CPU
		{02066684-D243-409C-8B8B-1E48CA440BB7}.Release|x64.ActiveCfg = Release|Any CPU
		{02066684-D243-409C-8B8B-1E48CA440BB7}.Release|x64.Build.0 = Release|Any CPU
		{02066684-D243-409C-8B8B-1E48CA440BB7}.Release|x86.ActiveCfg = Release|Any CPU
		{02066684-D243-409C-8B8B-1E48CA440BB7}.Release|x86.Build.0 = Release|Any CPU
		{64E64E76-FCD5-4601-A6AF-6F7113D8D180}.Debug|Any CPU.ActiveCfg = Debug|Any CPU
		{64E64E76-FCD5-4601-A6AF-6F7113D8D180}.Debug|Any CPU.Build.0 = Debug|Any CPU
		{64E64E76-FCD5-4601-A6AF-6F7113D8D180}.Debug|x64.ActiveCfg = Debug|Any CPU
		{64E64E76-FCD5-4601-A6AF-6F7113D8D180}.Debug|x64.Build.0 = Debug|Any CPU
		{64E64E76-FCD5-4601-A6AF-6F7113D8D180}.Debug|x86.ActiveCfg = Debug|Any CPU
		{64E64E76-FCD5-4601-A6AF-6F7113D8D180}.Debug|x86.Build.0 = Debug|Any CPU
		{64E64E76-FCD5-4601-A6AF-6F7113D8D180}.Release|Any CPU.ActiveCfg = Release|Any CPU
		{64E64E76-FCD5-4601-A6AF-6F7113D8D180}.Release|Any CPU.Build.0 = Release|Any CPU
		{64E64E76-FCD5-4601-A6AF-6F7113D8D180}.Release|x64.ActiveCfg = Release|Any CPU
		{64E64E76-FCD5-4601-A6AF-6F7113D8D180}.Release|x64.Build.0 = Release|Any CPU
		{64E64E76-FCD5-4601-A6AF-6F7113D8D180}.Release|x86.ActiveCfg = Release|Any CPU
		{64E64E76-FCD5-4601-A6AF-6F7113D8D180}.Release|x86.Build.0 = Release|Any CPU
		{F03C07B7-F89B-4E34-99E9-F9F2F7FFA021}.Debug|Any CPU.ActiveCfg = Debug|Any CPU
		{F03C07B7-F89B-4E34-99E9-F9F2F7FFA021}.Debug|Any CPU.Build.0 = Debug|Any CPU
		{F03C07B7-F89B-4E34-99E9-F9F2F7FFA021}.Debug|x64.ActiveCfg = Debug|Any CPU
		{F03C07B7-F89B-4E34-99E9-F9F2F7FFA021}.Debug|x64.Build.0 = Debug|Any CPU
		{F03C07B7-F89B-4E34-99E9-F9F2F7FFA021}.Debug|x86.ActiveCfg = Debug|Any CPU
		{F03C07B7-F89B-4E34-99E9-F9F2F7FFA021}.Debug|x86.Build.0 = Debug|Any CPU
		{F03C07B7-F89B-4E34-99E9-F9F2F7FFA021}.Release|Any CPU.ActiveCfg = Release|Any CPU
		{F03C07B7-F89B-4E34-99E9-F9F2F7FFA021}.Release|Any CPU.Build.0 = Release|Any CPU
		{F03C07B7-F89B-4E34-99E9-F9F2F7FFA021}.Release|x64.ActiveCfg = Release|Any CPU
		{F03C07B7-F89B-4E34-99E9-F9F2F7FFA021}.Release|x64.Build.0 = Release|Any CPU
		{F03C07B7-F89B-4E34-99E9-F9F2F7FFA021}.Release|x86.ActiveCfg = Release|Any CPU
		{F03C07B7-F89B-4E34-99E9-F9F2F7FFA021}.Release|x86.Build.0 = Release|Any CPU
		{89C1AA8D-701F-4A6A-9D68-0B59813E75E6}.Debug|Any CPU.ActiveCfg = Debug|Any CPU
		{89C1AA8D-701F-4A6A-9D68-0B59813E75E6}.Debug|Any CPU.Build.0 = Debug|Any CPU
		{89C1AA8D-701F-4A6A-9D68-0B59813E75E6}.Debug|x64.ActiveCfg = Debug|Any CPU
		{89C1AA8D-701F-4A6A-9D68-0B59813E75E6}.Debug|x64.Build.0 = Debug|Any CPU
		{89C1AA8D-701F-4A6A-9D68-0B59813E75E6}.Debug|x86.ActiveCfg = Debug|Any CPU
		{89C1AA8D-701F-4A6A-9D68-0B59813E75E6}.Debug|x86.Build.0 = Debug|Any CPU
		{89C1AA8D-701F-4A6A-9D68-0B59813E75E6}.Release|Any CPU.ActiveCfg = Release|Any CPU
		{89C1AA8D-701F-4A6A-9D68-0B59813E75E6}.Release|Any CPU.Build.0 = Release|Any CPU
		{89C1AA8D-701F-4A6A-9D68-0B59813E75E6}.Release|x64.ActiveCfg = Release|Any CPU
		{89C1AA8D-701F-4A6A-9D68-0B59813E75E6}.Release|x64.Build.0 = Release|Any CPU
		{89C1AA8D-701F-4A6A-9D68-0B59813E75E6}.Release|x86.ActiveCfg = Release|Any CPU
		{89C1AA8D-701F-4A6A-9D68-0B59813E75E6}.Release|x86.Build.0 = Release|Any CPU
		{0B6E57C4-A4F8-43A7-B0B4-1826ECFC5CE0}.Debug|Any CPU.ActiveCfg = Debug|Any CPU
		{0B6E57C4-A4F8-43A7-B0B4-1826ECFC5CE0}.Debug|Any CPU.Build.0 = Debug|Any CPU
		{0B6E57C4-A4F8-43A7-B0B4-1826ECFC5CE0}.Debug|x64.ActiveCfg = Debug|Any CPU
		{0B6E57C4-A4F8-43A7-B0B4-1826ECFC5CE0}.Debug|x64.Build.0 = Debug|Any CPU
		{0B6E57C4-A4F8-43A7-B0B4-1826ECFC5CE0}.Debug|x86.ActiveCfg = Debug|Any CPU
		{0B6E57C4-A4F8-43A7-B0B4-1826ECFC5CE0}.Debug|x86.Build.0 = Debug|Any CPU
		{0B6E57C4-A4F8-43A7-B0B4-1826ECFC5CE0}.Release|Any CPU.ActiveCfg = Release|Any CPU
		{0B6E57C4-A4F8-43A7-B0B4-1826ECFC5CE0}.Release|Any CPU.Build.0 = Release|Any CPU
		{0B6E57C4-A4F8-43A7-B0B4-1826ECFC5CE0}.Release|x64.ActiveCfg = Release|Any CPU
		{0B6E57C4-A4F8-43A7-B0B4-1826ECFC5CE0}.Release|x64.Build.0 = Release|Any CPU
		{0B6E57C4-A4F8-43A7-B0B4-1826ECFC5CE0}.Release|x86.ActiveCfg = Release|Any CPU
		{0B6E57C4-A4F8-43A7-B0B4-1826ECFC5CE0}.Release|x86.Build.0 = Release|Any CPU
	EndGlobalSection
EndGlobal
